
Microsoft Visual Studio Solution File, Format Version 12.00
# Visual Studio Version 17
VisualStudioVersion = 17.7.34031.279
MinimumVisualStudioVersion = 10.0.40219.1
Project("{FAE04EC0-301F-11D3-BF4B-00C04F79EFBC}") = "MarketPlace.Application", "MarketPlace.Application\MarketPlace.Application.csproj", "{300739D2-E7D3-4431-8AC7-59CD6A6E2974}"
EndProject
Project("{FAE04EC0-301F-11D3-BF4B-00C04F79EFBC}") = "MarketPlace.Business", "MarketPlace.Business\MarketPlace.Business.csproj", "{D9CC9D62-2D49-4A61-9D17-AB77846AF327}"
EndProject
Project("{FAE04EC0-301F-11D3-BF4B-00C04F79EFBC}") = "MarketPlace.Data", "MarketPlace.Data\MarketPlace.Data.csproj", "{9BDCF7FD-6EFD-4880-B9A7-45B2EE28D3D9}"
EndProject
Project("{FAE04EC0-301F-11D3-BF4B-00C04F79EFBC}") = "MarketPlace.Utility", "MarketPlace.Utility\MarketPlace.Utility.csproj", "{1C6741D2-FE05-48AF-AB7D-44391CE3674E}"
EndProject
Global
	GlobalSection(SolutionConfigurationPlatforms) = preSolution
		Debug|Any CPU = Debug|Any CPU
		Release|Any CPU = Release|Any CPU
	EndGlobalSection
	GlobalSection(ProjectConfigurationPlatforms) = postSolution
		{300739D2-E7D3-4431-8AC7-59CD6A6E2974}.Debug|Any CPU.ActiveCfg = Debug|Any CPU
		{300739D2-E7D3-4431-8AC7-59CD6A6E2974}.Debug|Any CPU.Build.0 = Debug|Any CPU
		{300739D2-E7D3-4431-8AC7-59CD6A6E2974}.Release|Any CPU.ActiveCfg = Release|Any CPU
		{300739D2-E7D3-4431-8AC7-59CD6A6E2974}.Release|Any CPU.Build.0 = Release|Any CPU
		{D9CC9D62-2D49-4A61-9D17-AB77846AF327}.Debug|Any CPU.ActiveCfg = Debug|Any CPU
		{D9CC9D62-2D49-4A61-9D17-AB77846AF327}.Debug|Any CPU.Build.0 = Debug|Any CPU
		{D9CC9D62-2D49-4A61-9D17-AB77846AF327}.Release|Any CPU.ActiveCfg = Release|Any CPU
		{D9CC9D62-2D49-4A61-9D17-AB77846AF327}.Release|Any CPU.Build.0 = Release|Any CPU
		{9BDCF7FD-6EFD-4880-B9A7-45B2EE28D3D9}.Debug|Any CPU.ActiveCfg = Debug|Any CPU
		{9BDCF7FD-6EFD-4880-B9A7-45B2EE28D3D9}.Debug|Any CPU.Build.0 = Debug|Any CPU
		{9BDCF7FD-6EFD-4880-B9A7-45B2EE28D3D9}.Release|Any CPU.ActiveCfg = Release|Any CPU
		{9BDCF7FD-6EFD-4880-B9A7-45B2EE28D3D9}.Release|Any CPU.Build.0 = Release|Any CPU
		{1C6741D2-FE05-48AF-AB7D-44391CE3674E}.Debug|Any CPU.ActiveCfg = Debug|Any CPU
		{1C6741D2-FE05-48AF-AB7D-44391CE3674E}.Debug|Any CPU.Build.0 = Debug|Any CPU
		{1C6741D2-FE05-48AF-AB7D-44391CE3674E}.Release|Any CPU.ActiveCfg = Release|Any CPU
		{1C6741D2-FE05-48AF-AB7D-44391CE3674E}.Release|Any CPU.Build.0 = Release|Any CPU
	EndGlobalSection
	GlobalSection(SolutionProperties) = preSolution
		HideSolutionNode = FALSE
	EndGlobalSection
	GlobalSection(ExtensibilityGlobals) = postSolution
		SolutionGuid = {4559B67E-BCAA-4A0E-AC70-FBB869398F59}
	EndGlobalSection
EndGlobal
